{
  "requires": true,
  "lockfileVersion": 1,
  "dependencies": {
    "openweather-apis": {
      "version": "4.0.0",
      "resolved": "https://registry.npmjs.org/openweather-apis/-/openweather-apis-4.0.0.tgz",
      "integrity": "sha512-QPKZvckZz66GnMj6KlD73UnYGZU7qbgGFk8Ykstn/vC5fGlQ/FgbWLJ96S8ou61h3ARRij5r0HuVC6hZDS7F/w=="
    }
  }
}
